{
  "name": "wavez-bot",
  "version": "1.0.0",
  "lockfileVersion": 3,
  "requires": true,
  "packages": {
    "": {
      "name": "wavez-bot",
      "version": "1.0.0",
      "license": "ISC",
      "dependencies": {
        "@wavezfm/api": "^0.3.0"
      }
    },
    "node_modules/@wavezfm/api": {
      "version": "0.3.0",
      "resolved": "https://registry.npmjs.org/@wavezfm/api/-/api-0.3.0.tgz",
      "integrity": "sha512-2ZiYUuK9/Rsk1rsR7Uk0Yw0zfDpk4SZVWpw1HO/PFrJVl/2r+VGw8z88q8jeo0rgGW0PDCtH4M7A+DaP6Z/rbA==",
      "engines": {
        "node": ">=18"
      }
    }
  }
}
